
Microsoft Visual Studio Solution File, Format Version 12.00
# Visual Studio Version 17
VisualStudioVersion = 17.9.34902.65
MinimumVisualStudioVersion = 10.0.40219.1
Project("{9A19103F-16F7-4668-BE54-9A1E7A4F7556}") = "task4", "task4\task4.csproj", "{4BC1A509-C0A3-4E6F-B173-3BC36B9EF904}"
EndProject
Project("{9A19103F-16F7-4668-BE54-9A1E7A4F7556}") = "task5", "task5\task5.csproj", "{6B552661-1A53-4DCE-9C80-CE6F6B6DB093}"
EndProject
Project("{9A19103F-16F7-4668-BE54-9A1E7A4F7556}") = "task1", "task1\task1.csproj", "{B1FA6050-3AAD-4604-B490-A6BFC0A7AFEC}"
EndProject
Project("{9A19103F-16F7-4668-BE54-9A1E7A4F7556}") = "task2", "task2\task2.csproj", "{BD98DD18-EDE7-4FCD-808E-796FC80CAD36}"
EndProject
Project("{9A19103F-16F7-4668-BE54-9A1E7A4F7556}") = "task3", "task3\task3.csproj", "{54BFAD7E-1DAB-4AF8-B3C5-0FAA5ADAAB8B}"
EndProject
Global
	GlobalSection(SolutionConfigurationPlatforms) = preSolution
		Debug|Any CPU = Debug|Any CPU
		Release|Any CPU = Release|Any CPU
	EndGlobalSection
	GlobalSection(ProjectConfigurationPlatforms) = postSolution
		{4BC1A509-C0A3-4E6F-B173-3BC36B9EF904}.Debug|Any CPU.ActiveCfg = Debug|Any CPU
		{4BC1A509-C0A3-4E6F-B173-3BC36B9EF904}.Debug|Any CPU.Build.0 = Debug|Any CPU
		{4BC1A509-C0A3-4E6F-B173-3BC36B9EF904}.Release|Any CPU.ActiveCfg = Release|Any CPU
		{4BC1A509-C0A3-4E6F-B173-3BC36B9EF904}.Release|Any CPU.Build.0 = Release|Any CPU
		{6B552661-1A53-4DCE-9C80-CE6F6B6DB093}.Debug|Any CPU.ActiveCfg = Debug|Any CPU
		{6B552661-1A53-4DCE-9C80-CE6F6B6DB093}.Debug|Any CPU.Build.0 = Debug|Any CPU
		{6B552661-1A53-4DCE-9C80-CE6F6B6DB093}.Release|Any CPU.ActiveCfg = Release|Any CPU
		{6B552661-1A53-4DCE-9C80-CE6F6B6DB093}.Release|Any CPU.Build.0 = Release|Any CPU
		{B1FA6050-3AAD-4604-B490-A6BFC0A7AFEC}.Debug|Any CPU.ActiveCfg = Debug|Any CPU
		{B1FA6050-3AAD-4604-B490-A6BFC0A7AFEC}.Debug|Any CPU.Build.0 = Debug|Any CPU
		{B1FA6050-3AAD-4604-B490-A6BFC0A7AFEC}.Release|Any CPU.ActiveCfg = Release|Any CPU
		{B1FA6050-3AAD-4604-B490-A6BFC0A7AFEC}.Release|Any CPU.Build.0 = Release|Any CPU
		{BD98DD18-EDE7-4FCD-808E-796FC80CAD36}.Debug|Any CPU.ActiveCfg = Debug|Any CPU
		{BD98DD18-EDE7-4FCD-808E-796FC80CAD36}.Debug|Any CPU.Build.0 = Debug|Any CPU
		{BD98DD18-EDE7-4FCD-808E-796FC80CAD36}.Release|Any CPU.ActiveCfg = Release|Any CPU
		{BD98DD18-EDE7-4FCD-808E-796FC80CAD36}.Release|Any CPU.Build.0 = Release|Any CPU
		{54BFAD7E-1DAB-4AF8-B3C5-0FAA5ADAAB8B}.Debug|Any CPU.ActiveCfg = Debug|Any CPU
		{54BFAD7E-1DAB-4AF8-B3C5-0FAA5ADAAB8B}.Debug|Any CPU.Build.0 = Debug|Any CPU
		{54BFAD7E-1DAB-4AF8-B3C5-0FAA5ADAAB8B}.Release|Any CPU.ActiveCfg = Release|Any CPU
		{54BFAD7E-1DAB-4AF8-B3C5-0FAA5ADAAB8B}.Release|Any CPU.Build.0 = Release|Any CPU
	EndGlobalSection
	GlobalSection(SolutionProperties) = preSolution
		HideSolutionNode = FALSE
	EndGlobalSection
	GlobalSection(ExtensibilityGlobals) = postSolution
		SolutionGuid = {CD308BDF-1998-4FE5-BDF3-569A2D5289BA}
	EndGlobalSection
EndGlobal
